// !$*UTF8*$!
{
	archiveVersion = 1;
	classes = {
	};
	objectVersion = 46;
	objects = {

/* Begin PBXBuildFile section */
		D93F980C1BF382AF0009B204 /* bsstream.cpp in Sources */ = {isa = PBXBuildFile; fileRef = D93F97E81BF382AE0009B204 /* bsstream.cpp */; };
		D93F980E1BF382AF0009B204 /* chartypebox.cpp in Sources */ = {isa = PBXBuildFile; fileRef = D93F97EA1BF382AF0009B204 /* chartypebox.cpp */; };
		D93F98121BF382AF0009B204 /* configbox.cpp in Sources */ = {isa = PBXBuildFile; fileRef = D93F97EF1BF382AF0009B204 /* configbox.cpp */; };
		D93F98141BF382AF0009B204 /* decistr.cpp in Sources */ = {isa = PBXBuildFile; fileRef = D93F97F11BF382AF0009B204 /* decistr.cpp */; };
		D93F98161BF382AF0009B204 /* errorinfo.cpp in Sources */ = {isa = PBXBuildFile; fileRef = D93F97F31BF382AF0009B204 /* errorinfo.cpp */; };
		D93F98181BF382AF0009B204 /* fileinfo.cpp in Sources */ = {isa = PBXBuildFile; fileRef = D93F97F51BF382AF0009B204 /* fileinfo.cpp */; };
		D93F981A1BF382AF0009B204 /* fontminibox.cpp in Sources */ = {isa = PBXBuildFile; fileRef = D93F97F71BF382AF0009B204 /* fontminibox.cpp */; };
		D93F98201BF382AF0009B204 /* l3float.cpp in Sources */ = {isa = PBXBuildFile; fileRef = D93F97FE1BF382AF0009B204 /* l3float.cpp */; };
		D93F98231BF382AF0009B204 /* maptable.cpp in Sources */ = {isa = PBXBuildFile; fileRef = D93F98011BF382AF0009B204 /* maptable.cpp */; };
		D93F98251BF382AF0009B204 /* parse.cpp in Sources */ = {isa = PBXBuildFile; fileRef = D93F98031BF382AF0009B204 /* parse.cpp */; };
		D93F98281BF382AF0009B204 /* parseresult.cpp in Sources */ = {isa = PBXBuildFile; fileRef = D93F98061BF382AF0009B204 /* parseresult.cpp */; };
		D93F982A1BF382AF0009B204 /* parsetape.cpp in Sources */ = {isa = PBXBuildFile; fileRef = D93F98081BF382AF0009B204 /* parsetape.cpp */; };
		D93F982B1BF382AF0009B204 /* uint192.cpp in Sources */ = {isa = PBXBuildFile; fileRef = D93F98091BF382AF0009B204 /* uint192.cpp */; };
		D93F982F1BF383470009B204 /* l3s1basic.icns in Resources */ = {isa = PBXBuildFile; fileRef = D93F982E1BF383470009B204 /* l3s1basic.icns */; };
		D93F98321BF3835E0009B204 /* basic_code.dat in CopyFiles */ = {isa = PBXBuildFile; fileRef = D93F98301BF3835E0009B204 /* basic_code.dat */; };
		D93F98331BF3835E0009B204 /* char_code.dat in CopyFiles */ = {isa = PBXBuildFile; fileRef = D93F98311BF3835E0009B204 /* char_code.dat */; };
		D93F98361BF383720009B204 /* l3s1basic.mo in CopyFiles */ = {isa = PBXBuildFile; fileRef = D93F98341BF383720009B204 /* l3s1basic.mo */; };
		D93F98391BF384080009B204 /* intnamebox.cpp in Sources */ = {isa = PBXBuildFile; fileRef = D93F98381BF384080009B204 /* intnamebox.cpp */; };
		D93F983B1BF384650009B204 /* config.cpp in Sources */ = {isa = PBXBuildFile; fileRef = D93F983A1BF384650009B204 /* config.cpp */; };
		D93F983F1BF386880009B204 /* main.cpp in Sources */ = {isa = PBXBuildFile; fileRef = D93F983D1BF386880009B204 /* main.cpp */; };
		D9C49EBF1BF1C01400831032 /* IOKit.framework in Frameworks */ = {isa = PBXBuildFile; fileRef = D9C49EBE1BF1C01400831032 /* IOKit.framework */; };
		D9C49EC11BF1C02200831032 /* Carbon.framework in Frameworks */ = {isa = PBXBuildFile; fileRef = D9C49EC01BF1C02200831032 /* Carbon.framework */; };
		D9C49EC31BF1C02D00831032 /* Cocoa.framework in Frameworks */ = {isa = PBXBuildFile; fileRef = D9C49EC21BF1C02D00831032 /* Cocoa.framework */; };
		D9C49EC51BF1C03700831032 /* AudioToolbox.framework in Frameworks */ = {isa = PBXBuildFile; fileRef = D9C49EC41BF1C03700831032 /* AudioToolbox.framework */; };
		D9C49EC71BF1C05900831032 /* OpenGL.framework in Frameworks */ = {isa = PBXBuildFile; fileRef = D9C49EC61BF1C05900831032 /* OpenGL.framework */; };
		D9C49EF21BF1CA4100831032 /* WebKit.framework in Frameworks */ = {isa = PBXBuildFile; fileRef = D9C49EF11BF1CA4100831032 /* WebKit.framework */; };
/* End PBXBuildFile section */

/* Begin PBXCopyFilesBuildPhase section */
		D9C49EFF1BF1D37200831032 /* CopyFiles */ = {
			isa = PBXCopyFilesBuildPhase;
			buildActionMask = 2147483647;
			dstPath = Data;
			dstSubfolderSpec = 7;
			files = (
				D93F98321BF3835E0009B204 /* basic_code.dat in CopyFiles */,
				D93F98331BF3835E0009B204 /* char_code.dat in CopyFiles */,
			);
			runOnlyForDeploymentPostprocessing = 0;
		};
		D9C49F031BF1D39000831032 /* CopyFiles */ = {
			isa = PBXCopyFilesBuildPhase;
			buildActionMask = 2147483647;
			dstPath = lang/ja;
			dstSubfolderSpec = 7;
			files = (
				D93F98361BF383720009B204 /* l3s1basic.mo in CopyFiles */,
			);
			runOnlyForDeploymentPostprocessing = 0;
		};
/* End PBXCopyFilesBuildPhase section */

/* Begin PBXFileReference section */
		D93F97E81BF382AE0009B204 /* bsstream.cpp */ = {isa = PBXFileReference; lastKnownFileType = sourcecode.cpp.cpp; path = bsstream.cpp; sourceTree = "<group>"; };
		D93F97E91BF382AF0009B204 /* bsstream.h */ = {isa = PBXFileReference; lastKnownFileType = sourcecode.c.h; path = bsstream.h; sourceTree = "<group>"; };
		D93F97EA1BF382AF0009B204 /* chartypebox.cpp */ = {isa = PBXFileReference; lastKnownFileType = sourcecode.cpp.cpp; path = chartypebox.cpp; sourceTree = "<group>"; };
		D93F97EB1BF382AF0009B204 /* chartypebox.h */ = {isa = PBXFileReference; lastKnownFileType = sourcecode.c.h; path = chartypebox.h; sourceTree = "<group>"; };
		D93F97EC1BF382AF0009B204 /* common.h */ = {isa = PBXFileReference; lastKnownFileType = sourcecode.c.h; path = common.h; sourceTree = "<group>"; };
		D93F97EE1BF382AF0009B204 /* config.h */ = {isa = PBXFileReference; lastKnownFileType = sourcecode.c.h; path = config.h; sourceTree = "<group>"; };
		D93F97EF1BF382AF0009B204 /* configbox.cpp */ = {isa = PBXFileReference; lastKnownFileType = sourcecode.cpp.cpp; path = configbox.cpp; sourceTree = "<group>"; };
		D93F97F01BF382AF0009B204 /* configbox.h */ = {isa = PBXFileReference; lastKnownFileType = sourcecode.c.h; path = configbox.h; sourceTree = "<group>"; };
		D93F97F11BF382AF0009B204 /* decistr.cpp */ = {isa = PBXFileReference; lastKnownFileType = sourcecode.cpp.cpp; path = decistr.cpp; sourceTree = "<group>"; };
		D93F97F21BF382AF0009B204 /* decistr.h */ = {isa = PBXFileReference; lastKnownFileType = sourcecode.c.h; path = decistr.h; sourceTree = "<group>"; };
		D93F97F31BF382AF0009B204 /* errorinfo.cpp */ = {isa = PBXFileReference; lastKnownFileType = sourcecode.cpp.cpp; path = errorinfo.cpp; sourceTree = "<group>"; };
		D93F97F41BF382AF0009B204 /* errorinfo.h */ = {isa = PBXFileReference; lastKnownFileType = sourcecode.c.h; path = errorinfo.h; sourceTree = "<group>"; };
		D93F97F51BF382AF0009B204 /* fileinfo.cpp */ = {isa = PBXFileReference; lastKnownFileType = sourcecode.cpp.cpp; path = fileinfo.cpp; sourceTree = "<group>"; };
		D93F97F61BF382AF0009B204 /* fileinfo.h */ = {isa = PBXFileReference; lastKnownFileType = sourcecode.c.h; path = fileinfo.h; sourceTree = "<group>"; };
		D93F97F71BF382AF0009B204 /* fontminibox.cpp */ = {isa = PBXFileReference; lastKnownFileType = sourcecode.cpp.cpp; path = fontminibox.cpp; sourceTree = "<group>"; };
		D93F97F81BF382AF0009B204 /* fontminibox.h */ = {isa = PBXFileReference; lastKnownFileType = sourcecode.c.h; path = fontminibox.h; sourceTree = "<group>"; };
		D93F97FA1BF382AF0009B204 /* intnamebox.h */ = {isa = PBXFileReference; lastKnownFileType = sourcecode.c.h; path = intnamebox.h; sourceTree = "<group>"; };
		D93F97FE1BF382AF0009B204 /* l3float.cpp */ = {isa = PBXFileReference; lastKnownFileType = sourcecode.cpp.cpp; path = l3float.cpp; sourceTree = "<group>"; };
		D93F97FF1BF382AF0009B204 /* l3float.h */ = {isa = PBXFileReference; lastKnownFileType = sourcecode.c.h; path = l3float.h; sourceTree = "<group>"; };
		D93F98001BF382AF0009B204 /* l3specs.h */ = {isa = PBXFileReference; lastKnownFileType = sourcecode.c.h; path = l3specs.h; sourceTree = "<group>"; };
		D93F98011BF382AF0009B204 /* maptable.cpp */ = {isa = PBXFileReference; lastKnownFileType = sourcecode.cpp.cpp; path = maptable.cpp; sourceTree = "<group>"; };
		D93F98021BF382AF0009B204 /* maptable.h */ = {isa = PBXFileReference; lastKnownFileType = sourcecode.c.h; path = maptable.h; sourceTree = "<group>"; };
		D93F98031BF382AF0009B204 /* parse.cpp */ = {isa = PBXFileReference; lastKnownFileType = sourcecode.cpp.cpp; path = parse.cpp; sourceTree = "<group>"; };
		D93F98041BF382AF0009B204 /* parse.h */ = {isa = PBXFileReference; lastKnownFileType = sourcecode.c.h; path = parse.h; sourceTree = "<group>"; };
		D93F98051BF382AF0009B204 /* parseparam.h */ = {isa = PBXFileReference; lastKnownFileType = sourcecode.c.h; path = parseparam.h; sourceTree = "<group>"; };
		D93F98061BF382AF0009B204 /* parseresult.cpp */ = {isa = PBXFileReference; lastKnownFileType = sourcecode.cpp.cpp; path = parseresult.cpp; sourceTree = "<group>"; };
		D93F98071BF382AF0009B204 /* parseresult.h */ = {isa = PBXFileReference; lastKnownFileType = sourcecode.c.h; path = parseresult.h; sourceTree = "<group>"; };
		D93F98081BF382AF0009B204 /* parsetape.cpp */ = {isa = PBXFileReference; lastKnownFileType = sourcecode.cpp.cpp; path = parsetape.cpp; sourceTree = "<group>"; };
		D93F98091BF382AF0009B204 /* uint192.cpp */ = {isa = PBXFileReference; lastKnownFileType = sourcecode.cpp.cpp; path = uint192.cpp; sourceTree = "<group>"; };
		D93F980A1BF382AF0009B204 /* uint192.h */ = {isa = PBXFileReference; lastKnownFileType = sourcecode.c.h; path = uint192.h; sourceTree = "<group>"; };
		D93F982E1BF383470009B204 /* l3s1basic.icns */ = {isa = PBXFileReference; lastKnownFileType = image.icns; name = l3s1basic.icns; path = ../../src/res/l3s1basic.icns; sourceTree = "<group>"; };
		D93F98301BF3835E0009B204 /* basic_code.dat */ = {isa = PBXFileReference; lastKnownFileType = text; path = basic_code.dat; sourceTree = "<group>"; };
		D93F98311BF3835E0009B204 /* char_code.dat */ = {isa = PBXFileReference; lastKnownFileType = text; path = char_code.dat; sourceTree = "<group>"; };
		D93F98341BF383720009B204 /* l3s1basic.mo */ = {isa = PBXFileReference; lastKnownFileType = file; path = l3s1basic.mo; sourceTree = "<group>"; };
		D93F98351BF383720009B204 /* l3s1basic.po */ = {isa = PBXFileReference; lastKnownFileType = text; path = l3s1basic.po; sourceTree = "<group>"; };
		D93F98381BF384080009B204 /* intnamebox.cpp */ = {isa = PBXFileReference; lastKnownFileType = sourcecode.cpp.cpp; path = intnamebox.cpp; sourceTree = "<group>"; };
		D93F983A1BF384650009B204 /* config.cpp */ = {isa = PBXFileReference; lastKnownFileType = sourcecode.cpp.cpp; path = config.cpp; sourceTree = "<group>"; };
		D93F983D1BF386880009B204 /* main.cpp */ = {isa = PBXFileReference; fileEncoding = 4; lastKnownFileType = sourcecode.cpp.cpp; path = main.cpp; sourceTree = "<group>"; };
		D93F983E1BF386880009B204 /* main.h */ = {isa = PBXFileReference; fileEncoding = 4; lastKnownFileType = sourcecode.c.h; path = main.h; sourceTree = "<group>"; };
		D9C49E571BF1BCA200831032 /* l3s1basic.app */ = {isa = PBXFileReference; explicitFileType = wrapper.application; includeInIndex = 0; path = l3s1basic.app; sourceTree = BUILT_PRODUCTS_DIR; };
		D9C49E7A1BF1BD8700831032 /* Info.plist */ = {isa = PBXFileReference; fileEncoding = 4; lastKnownFileType = text.plist.xml; name = Info.plist; path = ../../src/res/Info.plist; sourceTree = "<group>"; };
		D9C49EBE1BF1C01400831032 /* IOKit.framework */ = {isa = PBXFileReference; lastKnownFileType = wrapper.framework; name = IOKit.framework; path = System/Library/Frameworks/IOKit.framework; sourceTree = SDKROOT; };
		D9C49EC01BF1C02200831032 /* Carbon.framework */ = {isa = PBXFileReference; lastKnownFileType = wrapper.framework; name = Carbon.framework; path = System/Library/Frameworks/Carbon.framework; sourceTree = SDKROOT; };
		D9C49EC21BF1C02D00831032 /* Cocoa.framework */ = {isa = PBXFileReference; lastKnownFileType = wrapper.framework; name = Cocoa.framework; path = System/Library/Frameworks/Cocoa.framework; sourceTree = SDKROOT; };
		D9C49EC41BF1C03700831032 /* AudioToolbox.framework */ = {isa = PBXFileReference; lastKnownFileType = wrapper.framework; name = AudioToolbox.framework; path = System/Library/Frameworks/AudioToolbox.framework; sourceTree = SDKROOT; };
		D9C49EC61BF1C05900831032 /* OpenGL.framework */ = {isa = PBXFileReference; lastKnownFileType = wrapper.framework; name = OpenGL.framework; path = System/Library/Frameworks/OpenGL.framework; sourceTree = SDKROOT; };
		D9C49EF11BF1CA4100831032 /* WebKit.framework */ = {isa = PBXFileReference; lastKnownFileType = wrapper.framework; name = WebKit.framework; path = System/Library/Frameworks/WebKit.framework; sourceTree = SDKROOT; };
/* End PBXFileReference section */

/* Begin PBXFrameworksBuildPhase section */
		D9C49E541BF1BCA200831032 /* Frameworks */ = {
			isa = PBXFrameworksBuildPhase;
			buildActionMask = 2147483647;
			files = (
				D9C49EC71BF1C05900831032 /* OpenGL.framework in Frameworks */,
				D9C49EC51BF1C03700831032 /* AudioToolbox.framework in Frameworks */,
				D9C49EC31BF1C02D00831032 /* Cocoa.framework in Frameworks */,
				D9C49EC11BF1C02200831032 /* Carbon.framework in Frameworks */,
				D9C49EBF1BF1C01400831032 /* IOKit.framework in Frameworks */,
				D9C49EF21BF1CA4100831032 /* WebKit.framework in Frameworks */,
			);
			runOnlyForDeploymentPostprocessing = 0;
		};
/* End PBXFrameworksBuildPhase section */

/* Begin PBXGroup section */
		D9C49E4E1BF1BCA200831032 = {
			isa = PBXGroup;
			children = (
				D9C49F071BF1D4E500831032 /* Resources */,
				D9C49EF01BF1C55F00831032 /* Frameworks */,
				D9C49E591BF1BCA200831032 /* Sources */,
				D9C49E581BF1BCA200831032 /* Products */,
			);
			sourceTree = "<group>";
		};
		D9C49E581BF1BCA200831032 /* Products */ = {
			isa = PBXGroup;
			children = (
				D9C49E571BF1BCA200831032 /* l3s1basic.app */,
			);
			name = Products;
			sourceTree = "<group>";
		};
		D9C49E591BF1BCA200831032 /* Sources */ = {
			isa = PBXGroup;
			children = (
				D93F97E81BF382AE0009B204 /* bsstream.cpp */,
				D93F97E91BF382AF0009B204 /* bsstream.h */,
				D93F97EA1BF382AF0009B204 /* chartypebox.cpp */,
				D93F97EB1BF382AF0009B204 /* chartypebox.h */,
				D93F97EC1BF382AF0009B204 /* common.h */,
				D93F983A1BF384650009B204 /* config.cpp */,
				D93F97EE1BF382AF0009B204 /* config.h */,
				D93F97EF1BF382AF0009B204 /* configbox.cpp */,
				D93F97F01BF382AF0009B204 /* configbox.h */,
				D93F97F11BF382AF0009B204 /* decistr.cpp */,
				D93F97F21BF382AF0009B204 /* decistr.h */,
				D93F97F31BF382AF0009B204 /* errorinfo.cpp */,
				D93F97F41BF382AF0009B204 /* errorinfo.h */,
				D93F97F51BF382AF0009B204 /* fileinfo.cpp */,
				D93F97F61BF382AF0009B204 /* fileinfo.h */,
				D93F97F71BF382AF0009B204 /* fontminibox.cpp */,
				D93F97F81BF382AF0009B204 /* fontminibox.h */,
				D93F98381BF384080009B204 /* intnamebox.cpp */,
				D93F97FA1BF382AF0009B204 /* intnamebox.h */,
				D93F97FE1BF382AF0009B204 /* l3float.cpp */,
				D93F97FF1BF382AF0009B204 /* l3float.h */,
				D93F98001BF382AF0009B204 /* l3specs.h */,
				D93F983D1BF386880009B204 /* main.cpp */,
				D93F983E1BF386880009B204 /* main.h */,
				D93F98011BF382AF0009B204 /* maptable.cpp */,
				D93F98021BF382AF0009B204 /* maptable.h */,
				D93F98031BF382AF0009B204 /* parse.cpp */,
				D93F98041BF382AF0009B204 /* parse.h */,
				D93F98051BF382AF0009B204 /* parseparam.h */,
				D93F98061BF382AF0009B204 /* parseresult.cpp */,
				D93F98071BF382AF0009B204 /* parseresult.h */,
				D93F98081BF382AF0009B204 /* parsetape.cpp */,
				D93F98091BF382AF0009B204 /* uint192.cpp */,
				D93F980A1BF382AF0009B204 /* uint192.h */,
			);
			name = Sources;
			path = ../../src;
			sourceTree = SOURCE_ROOT;
		};
		D9C49EF01BF1C55F00831032 /* Frameworks */ = {
			isa = PBXGroup;
			children = (
				D9C49EF11BF1CA4100831032 /* WebKit.framework */,
				D9C49EC61BF1C05900831032 /* OpenGL.framework */,
				D9C49EC41BF1C03700831032 /* AudioToolbox.framework */,
				D9C49EC21BF1C02D00831032 /* Cocoa.framework */,
				D9C49EC01BF1C02200831032 /* Carbon.framework */,
				D9C49EBE1BF1C01400831032 /* IOKit.framework */,
			);
			name = Frameworks;
			sourceTree = "<group>";
		};
		D9C49EF31BF1D26400831032 /* data */ = {
			isa = PBXGroup;
			children = (
				D93F98301BF3835E0009B204 /* basic_code.dat */,
				D93F98311BF3835E0009B204 /* char_code.dat */,
			);
			name = data;
			path = ../../data;
			sourceTree = "<group>";
		};
		D9C49EFA1BF1D2C700831032 /* lang */ = {
			isa = PBXGroup;
			children = (
				D9C49EFB1BF1D2C700831032 /* ja */,
			);
			name = lang;
			path = ../../lang;
			sourceTree = "<group>";
		};
		D9C49EFB1BF1D2C700831032 /* ja */ = {
			isa = PBXGroup;
			children = (
				D93F98341BF383720009B204 /* l3s1basic.mo */,
				D93F98351BF383720009B204 /* l3s1basic.po */,
			);
			path = ja;
			sourceTree = "<group>";
		};
		D9C49F071BF1D4E500831032 /* Resources */ = {
			isa = PBXGroup;
			children = (
				D93F982E1BF383470009B204 /* l3s1basic.icns */,
				D9C49E7A1BF1BD8700831032 /* Info.plist */,
				D9C49EF31BF1D26400831032 /* data */,
				D9C49EFA1BF1D2C700831032 /* lang */,
			);
			name = Resources;
			sourceTree = "<group>";
		};
/* End PBXGroup section */

/* Begin PBXNativeTarget section */
		D9C49E561BF1BCA200831032 /* l3s1basic */ = {
			isa = PBXNativeTarget;
			buildConfigurationList = D9C49E741BF1BCA300831032 /* Build configuration list for PBXNativeTarget "l3s1basic" */;
			buildPhases = (
				D9C49E531BF1BCA200831032 /* Sources */,
				D9C49E541BF1BCA200831032 /* Frameworks */,
				D9C49E551BF1BCA200831032 /* Resources */,
				D9C49EFF1BF1D37200831032 /* CopyFiles */,
				D9C49F031BF1D39000831032 /* CopyFiles */,
			);
			buildRules = (
			);
			dependencies = (
			);
			name = l3s1basic;
			productName = l3diskex;
			productReference = D9C49E571BF1BCA200831032 /* l3s1basic.app */;
			productType = "com.apple.product-type.application";
		};
/* End PBXNativeTarget section */

/* Begin PBXProject section */
		D9C49E4F1BF1BCA200831032 /* Project object */ = {
			isa = PBXProject;
			attributes = {
				LastUpgradeCheck = 0640;
				ORGANIZATIONNAME = Sasaji;
				TargetAttributes = {
					D9C49E561BF1BCA200831032 = {
						CreatedOnToolsVersion = 6.4;
					};
				};
			};
			buildConfigurationList = D9C49E521BF1BCA200831032 /* Build configuration list for PBXProject "l3s1basic" */;
			compatibilityVersion = "Xcode 3.2";
			developmentRegion = English;
			hasScannedForEncodings = 0;
			knownRegions = (
				en,
				Base,
			);
			mainGroup = D9C49E4E1BF1BCA200831032;
			productRefGroup = D9C49E581BF1BCA200831032 /* Products */;
			projectDirPath = "";
			projectRoot = "";
			targets = (
				D9C49E561BF1BCA200831032 /* l3s1basic */,
			);
		};
/* End PBXProject section */

/* Begin PBXResourcesBuildPhase section */
		D9C49E551BF1BCA200831032 /* Resources */ = {
			isa = PBXResourcesBuildPhase;
			buildActionMask = 2147483647;
			files = (
				D93F982F1BF383470009B204 /* l3s1basic.icns in Resources */,
			);
			runOnlyForDeploymentPostprocessing = 0;
		};
/* End PBXResourcesBuildPhase section */

/* Begin PBXSourcesBuildPhase section */
		D9C49E531BF1BCA200831032 /* Sources */ = {
			isa = PBXSourcesBuildPhase;
			buildActionMask = 2147483647;
			files = (
				D93F980C1BF382AF0009B204 /* bsstream.cpp in Sources */,
				D93F980E1BF382AF0009B204 /* chartypebox.cpp in Sources */,
				D93F983B1BF384650009B204 /* config.cpp in Sources */,
				D93F98121BF382AF0009B204 /* configbox.cpp in Sources */,
				D93F98141BF382AF0009B204 /* decistr.cpp in Sources */,
				D93F983F1BF386880009B204 /* main.cpp in Sources */,
				D93F98161BF382AF0009B204 /* errorinfo.cpp in Sources */,
				D93F98181BF382AF0009B204 /* fileinfo.cpp in Sources */,
				D93F981A1BF382AF0009B204 /* fontminibox.cpp in Sources */,
				D93F98391BF384080009B204 /* intnamebox.cpp in Sources */,
				D93F98201BF382AF0009B204 /* l3float.cpp in Sources */,
				D93F98231BF382AF0009B204 /* maptable.cpp in Sources */,
				D93F98251BF382AF0009B204 /* parse.cpp in Sources */,
				D93F98281BF382AF0009B204 /* parseresult.cpp in Sources */,
				D93F982A1BF382AF0009B204 /* parsetape.cpp in Sources */,
				D93F982B1BF382AF0009B204 /* uint192.cpp in Sources */,
			);
			runOnlyForDeploymentPostprocessing = 0;
		};
/* End PBXSourcesBuildPhase section */

/* Begin XCBuildConfiguration section */
		D9C49E721BF1BCA300831032 /* Debug */ = {
			isa = XCBuildConfiguration;
			buildSettings = {
				ALWAYS_SEARCH_USER_PATHS = YES;
				CLANG_CXX_LANGUAGE_STANDARD = "gnu++98";
				CLANG_CXX_LIBRARY = "libstdc++";
				CLANG_ENABLE_MODULES = YES;
				CLANG_ENABLE_OBJC_ARC = YES;
				CLANG_WARN_BOOL_CONVERSION = YES;
				CLANG_WARN_CONSTANT_CONVERSION = YES;
				CLANG_WARN_DIRECT_OBJC_ISA_USAGE = YES_ERROR;
				CLANG_WARN_EMPTY_BODY = YES;
				CLANG_WARN_ENUM_CONVERSION = YES;
				CLANG_WARN_INT_CONVERSION = YES;
				CLANG_WARN_OBJC_ROOT_CLASS = YES_ERROR;
				CLANG_WARN_UNREACHABLE_CODE = YES;
				CLANG_WARN__DUPLICATE_METHOD_MATCH = YES;
				COPY_PHASE_STRIP = NO;
				DEBUG_INFORMATION_FORMAT = dwarf;
				DYLIB_CURRENT_VERSION = "";
				ENABLE_STRICT_OBJC_MSGSEND = YES;
				GCC_C_LANGUAGE_STANDARD = gnu99;
				GCC_DYNAMIC_NO_PIC = NO;
				GCC_NO_COMMON_BLOCKS = YES;
				GCC_OPTIMIZATION_LEVEL = 0;
				GCC_PREPROCESSOR_DEFINITIONS = (
					"DEBUG=1",
					"$(inherited)",
				);
				GCC_SYMBOLS_PRIVATE_EXTERN = NO;
				GCC_WARN_64_TO_32_BIT_CONVERSION = YES;
				GCC_WARN_ABOUT_RETURN_TYPE = YES_ERROR;
				GCC_WARN_UNDECLARED_SELECTOR = YES;
				GCC_WARN_UNINITIALIZED_AUTOS = YES_AGGRESSIVE;
				GCC_WARN_UNUSED_FUNCTION = YES;
				GCC_WARN_UNUSED_VARIABLE = YES;
				HEADER_SEARCH_PATHS = (
					"$(inherited)",
					"$(WX_WIDGET_INCLUDE)",
				);
				LIBRARY_SEARCH_PATHS = "$(WX_WIDGET_LIB)";
				MACOSX_DEPLOYMENT_TARGET = 10.7;
				MTL_ENABLE_DEBUG_INFO = YES;
				ONLY_ACTIVE_ARCH = YES;
				OTHER_CFLAGS = "$(WX_WIDGET_CFLAGS)";
				OTHER_CPLUSPLUSFLAGS = "$(OTHER_CFLAGS)";
				OTHER_LDFLAGS = (
					"$(WX_WIDGET_LIBS)",
					"$(WX_WIDGET_LDFLAGS)",
				);
				SDKROOT = macosx;
				WX_H = wx_osx_cocoau_;
				WX_WIDGET_BASE = "../../../../../../Devel/wxWidgets-3.0.2/";
				WX_WIDGET_CFLAGS = "-D_FILE_OFFSET_BITS=64 -DwxDEBUG_LEVEL=0 -D__WXMAC__ -D__WXOSX__ -D__WXOSX_COCOA__";
				WX_WIDGET_DIR = "$(WX_WIDGET_BASE)build_debug_static_unicode/";
				WX_WIDGET_INCLUDE = "$(WX_WIDGET_DIR)lib/wx/include/osx_cocoa-unicode-static-3.0 $(WX_WIDGET_BASE)include";
				WX_WIDGET_LDFLAGS = "-lz -lpthread -liconv -lexpat";
				WX_WIDGET_LIB = "$(WX_WIDGET_DIR)lib/";
				WX_WIDGET_LIBS = "-lwxscintilla-3.0 -lwxregexu-3.0 -lwxtiff-3.0 -lwxjpeg-3.0 -lwxpng-3.0 -lwx_baseu-3.0 -lwx_baseu_xml-3.0 -lwx_baseu_net-3.0 -l$(WX_H)adv-3.0 -l$(WX_H)aui-3.0 -l$(WX_H)core-3.0 -l$(WX_H)gl-3.0 -l$(WX_H)html-3.0 -l$(WX_H)media-3.0 -l$(WX_H)propgrid-3.0 -l$(WX_H)qa-3.0 -l$(WX_H)ribbon-3.0 -l$(WX_H)richtext-3.0 -l$(WX_H)stc-3.0 -l$(WX_H)xrc-3.0";
			};
			name = Debug;
		};
		D9C49E731BF1BCA300831032 /* Release */ = {
			isa = XCBuildConfiguration;
			buildSettings = {
				ALWAYS_SEARCH_USER_PATHS = YES;
				CLANG_CXX_LANGUAGE_STANDARD = "gnu++98";
				CLANG_CXX_LIBRARY = "libstdc++";
				CLANG_ENABLE_MODULES = YES;
				CLANG_ENABLE_OBJC_ARC = YES;
				CLANG_WARN_BOOL_CONVERSION = YES;
				CLANG_WARN_CONSTANT_CONVERSION = YES;
				CLANG_WARN_DIRECT_OBJC_ISA_USAGE = YES_ERROR;
				CLANG_WARN_EMPTY_BODY = YES;
				CLANG_WARN_ENUM_CONVERSION = YES;
				CLANG_WARN_INT_CONVERSION = YES;
				CLANG_WARN_OBJC_ROOT_CLASS = YES_ERROR;
				CLANG_WARN_UNREACHABLE_CODE = YES;
				CLANG_WARN__DUPLICATE_METHOD_MATCH = YES;
				COPY_PHASE_STRIP = NO;
				DEBUG_INFORMATION_FORMAT = "dwarf-with-dsym";
				DYLIB_CURRENT_VERSION = "";
				ENABLE_NS_ASSERTIONS = NO;
				ENABLE_STRICT_OBJC_MSGSEND = YES;
				GCC_C_LANGUAGE_STANDARD = gnu99;
				GCC_NO_COMMON_BLOCKS = YES;
				GCC_WARN_64_TO_32_BIT_CONVERSION = YES;
				GCC_WARN_ABOUT_RETURN_TYPE = YES_ERROR;
				GCC_WARN_UNDECLARED_SELECTOR = YES;
				GCC_WARN_UNINITIALIZED_AUTOS = YES_AGGRESSIVE;
				GCC_WARN_UNUSED_FUNCTION = YES;
				GCC_WARN_UNUSED_VARIABLE = YES;
				HEADER_SEARCH_PATHS = (
					"$(inherited)",
					"$(WX_WIDGET_INCLUDE)",
				);
				LIBRARY_SEARCH_PATHS = "$(WX_WIDGET_LIB)";
				MACOSX_DEPLOYMENT_TARGET = 10.7;
				MTL_ENABLE_DEBUG_INFO = NO;
				OTHER_CFLAGS = "$(WX_WIDGET_CFLAGS)";
				OTHER_CPLUSPLUSFLAGS = "$(OTHER_CFLAGS)";
				OTHER_LDFLAGS = (
					"$(WX_WIDGET_LIBS)",
					"$(WX_WIDGET_LDFLAGS)",
				);
				SDKROOT = macosx;
				WX_H = wx_osx_cocoau_;
				WX_WIDGET_BASE = "../../../../../../Devel/wxWidgets-3.0.2/";
				WX_WIDGET_CFLAGS = "-D_FILE_OFFSET_BITS=64 -DwxDEBUG_LEVEL=0 -D__WXMAC__ -D__WXOSX__ -D__WXOSX_COCOA__";
				WX_WIDGET_DIR = "$(WX_WIDGET_BASE)build_debug_static_unicode/";
				WX_WIDGET_INCLUDE = "$(WX_WIDGET_DIR)lib/wx/include/osx_cocoa-unicode-static-3.0 $(WX_WIDGET_BASE)include";
				WX_WIDGET_LDFLAGS = "-lz -lpthread -liconv -lexpat";
				WX_WIDGET_LIB = "$(WX_WIDGET_DIR)lib/";
				WX_WIDGET_LIBS = "-lwxscintilla-3.0 -lwxregexu-3.0 -lwxtiff-3.0 -lwxjpeg-3.0 -lwxpng-3.0 -lwx_baseu-3.0 -lwx_baseu_xml-3.0 -lwx_baseu_net-3.0 -l$(WX_H)adv-3.0 -l$(WX_H)aui-3.0 -l$(WX_H)core-3.0 -l$(WX_H)gl-3.0 -l$(WX_H)html-3.0 -l$(WX_H)media-3.0 -l$(WX_H)propgrid-3.0 -l$(WX_H)qa-3.0 -l$(WX_H)ribbon-3.0 -l$(WX_H)richtext-3.0 -l$(WX_H)stc-3.0 -l$(WX_H)xrc-3.0";
			};
			name = Release;
		};
		D9C49E751BF1BCA300831032 /* Debug */ = {
			isa = XCBuildConfiguration;
			buildSettings = {
				COMBINE_HIDPI_IMAGES = YES;
				INFOPLIST_FILE = "$(SRCROOT)/../../src/res/Info.plist";
				LD_RUNPATH_SEARCH_PATHS = "$(inherited) @executable_path/../Frameworks";
				PRODUCT_NAME = "$(TARGET_NAME)";
			};
			name = Debug;
		};
		D9C49E761BF1BCA300831032 /* Release */ = {
			isa = XCBuildConfiguration;
			buildSettings = {
				COMBINE_HIDPI_IMAGES = YES;
				INFOPLIST_FILE = "$(SRCROOT)/../../src/res/Info.plist";
				LD_RUNPATH_SEARCH_PATHS = "$(inherited) @executable_path/../Frameworks";
				PRODUCT_NAME = "$(TARGET_NAME)";
			};
			name = Release;
		};
/* End XCBuildConfiguration section */

/* Begin XCConfigurationList section */
		D9C49E521BF1BCA200831032 /* Build configuration list for PBXProject "l3s1basic" */ = {
			isa = XCConfigurationList;
			buildConfigurations = (
				D9C49E721BF1BCA300831032 /* Debug */,
				D9C49E731BF1BCA300831032 /* Release */,
			);
			defaultConfigurationIsVisible = 0;
			defaultConfigurationName = Release;
		};
		D9C49E741BF1BCA300831032 /* Build configuration list for PBXNativeTarget "l3s1basic" */ = {
			isa = XCConfigurationList;
			buildConfigurations = (
				D9C49E751BF1BCA300831032 /* Debug */,
				D9C49E761BF1BCA300831032 /* Release */,
			);
			defaultConfigurationIsVisible = 0;
			defaultConfigurationName = Release;
		};
/* End XCConfigurationList section */
	};
	rootObject = D9C49E4F1BF1BCA200831032 /* Project object */;
}
